<?xml version="1.0" encoding="utf-8"?>
<Project ToolsVersion="4.0" xmlns="http://schemas.microsoft.com/developer/msbuild/2003">
  <ItemGroup>
    <Filter Include="Source Files">
      <UniqueIdentifier>{4FC737F1-C7A5-4376-A066-2A32D752A2FF}</UniqueIdentifier>
      <Extensions>cpp;c;cc;cxx;def;odl;idl;hpj;bat;asm;asmx</Extensions>
    </Filter>
    <Filter Include="Header Files">
      <UniqueIdentifier>{93995380-89BD-4b04-88EB-625FBE52EBFB}</UniqueIdentifier>
      <Extensions>h;hh;hpp;hxx;hm;inl;inc;ipp;xsd</Extensions>
    </Filter>
    <Filter Include="Resource Files">
      <UniqueIdentifier>{67DA6AB6-F800-4c08-8B7A-83BB121AAD01}</UniqueIdentifier>
      <Extensions>rc;ico;cur;bmp;dlg;rc2;rct;bin;rgs;gif;jpg;jpeg;jpe;resx;tiff;tif;png;wav;mfcribbon-ms</Extensions>
    </Filter>
  </ItemGroup>
  <ItemGroup>
    <ClInclude Include="Maze2dGenerator.h">
      <Filter>Header Files</Filter>
    </ClInclude>
    <ClInclude Include="Generetor.h">
      <Filter>Header Files</Filter>
    </ClInclude>
    <ClInclude Include="SimpleMaze2dGenerator.h">
      <Filter>Header Files</Filter>
    </ClInclude>
    <ClInclude Include="MyMaze2dGenerator.h">
      <Filter>Header Files</Filter>
    </ClInclude>
    <ClInclude Include="BFS.h">
      <Filter>Header Files</Filter>
    </ClInclude>
    <ClInclude Include="Search.h">
      <Filter>Header Files</Filter>
    </ClInclude>
    <ClInclude Include="commonsearch.h">
      <Filter>Header Files</Filter>
    </ClInclude>
    <ClInclude Include="MazeSearcable.h">
      <Filter>Header Files</Filter>
    </ClInclude>
    <ClInclude Include="searchable.h">
      <Filter>Header Files</Filter>
    </ClInclude>
    <ClInclude Include="maze2d.h">
      <Filter>Header Files</Filter>
    </ClInclude>
    <ClInclude Include="MazeCompression.h">
      <Filter>Header Files</Filter>
    </ClInclude>
    <ClInclude Include="command.h">
      <Filter>Header Files</Filter>
    </ClInclude>
    <ClInclude Include="CLI.h">
      <Filter>Header Files</Filter>
    </ClInclude>
    <ClInclude Include="commandDisplayh.h">
      <Filter>Header Files</Filter>
    </ClInclude>
    <ClInclude Include="Model.h">
      <Filter>Header Files</Filter>
    </ClInclude>
    <ClInclude Include="MyModel.h">
      <Filter>Header Files</Filter>
    </ClInclude>
    <ClInclude Include="Observer.h">
      <Filter>Header Files</Filter>
    </ClInclude>
    <ClInclude Include="Mycontrollerh.h">
      <Filter>Header Files</Filter>
    </ClInclude>
    <ClInclude Include="Controller.h">
      <Filter>Header Files</Filter>
    </ClInclude>
    <ClInclude Include="Observable.h">
      <Filter>Header Files</Filter>
    </ClInclude>
    <ClInclude Include="HistoryMaze.h">
      <Filter>Header Files</Filter>
    </ClInclude>
    <ClInclude Include="CommandSave.h">
      <Filter>Header Files</Filter>
    </ClInclude>
    <ClInclude Include="commandLoad.h">
      <Filter>Header Files</Filter>
    </ClInclude>
    <ClInclude Include="commandpath.h">
      <Filter>Header Files</Filter>
    </ClInclude>
    <ClInclude Include="solution.h">
      <Filter>Header Files</Filter>
    </ClInclude>
    <ClInclude Include="comp.h">
      <Filter>Header Files</Filter>
    </ClInclude>
    <ClInclude Include="AstarM.h">
      <Filter>Header Files</Filter>
    </ClInclude>
    <ClInclude Include="commandSolve.h">
      <Filter>Header Files</Filter>
    </ClInclude>
    <ClInclude Include="State.h">
      <Filter>Header Files</Filter>
    </ClInclude>
    <ClInclude Include="commandSizeMemory.h">
      <Filter>Header Files</Filter>
    </ClInclude>
    <ClInclude Include="CommandSizeFile.h">
      <Filter>Header Files</Filter>
    </ClInclude>
    <ClInclude Include="HashMap.h">
      <Filter>Header Files</Filter>
    </ClInclude>
    <ClInclude Include="AstarA.h">
      <Filter>Header Files</Filter>
    </ClInclude>
    <ClInclude Include="Demo.h">
      <Filter>Header Files</Filter>
    </ClInclude>
    <ClInclude Include="Cell.h">
      <Filter>Header Files</Filter>
    </ClInclude>
    <ClInclude Include="Astar.h">
      <Filter>Header Files</Filter>
    </ClInclude>
    <ClInclude Include="commandCreate.h">
      <Filter>Header Files</Filter>
    </ClInclude>
  </ItemGroup>
  <ItemGroup>
    <ClCompile Include="main.cpp">
      <Filter>Source Files</Filter>
    </ClCompile>
    <ClCompile Include="viewCLI.cpp">
      <Filter>Source Files</Filter>
    </ClCompile>
    <ClCompile Include="Mycontroller,cpp.cpp">
      <Filter>Source Files</Filter>
    </ClCompile>
    <ClCompile Include="HashMap.cpp">
      <Filter>Source Files</Filter>
    </ClCompile>
    <ClCompile Include="History.cpp">
      <Filter>Source Files</Filter>
    </ClCompile>
    <ClCompile Include="Maze2d.cpp">
      <Filter>Source Files</Filter>
    </ClCompile>
    <ClCompile Include="mazeCompration.cpp">
      <Filter>Source Files</Filter>
    </ClCompile>
    <ClCompile Include="MazeSearcable.cpp">
      <Filter>Source Files</Filter>
    </ClCompile>
    <ClCompile Include="MyMaze2dGenerator.cpp">
      <Filter>Source Files</Filter>
    </ClCompile>
    <ClCompile Include="SimpleMaze2dGenerator.cpp">
      <Filter>Source Files</Filter>
    </ClCompile>
    <ClCompile Include="Cell.cpp">
      <Filter>Source Files</Filter>
    </ClCompile>
  </ItemGroup>
</Project>